# UAP Verdict Foundry — locked dependency versions (verified on Python 3.9.6).
# Install: python3 -m pip install -r requirements.lock
# Mock mode needs exactly these; live mode additionally `pip install -e .[live]`.
fastapi==0.128.8
uvicorn==0.39.0
pydantic==2.13.4
pydantic-settings==2.11.0
python-multipart==0.0.20
pillow==11.3.0
PyYAML==6.0.3
httpx==0.28.1
numpy==2.0.2
cryptography==50.0.0
pytest==8.4.2
# Live certification/runtime extras (Python 3.9-compatible resolved pins).
skyfield==1.55
sgp4==2.25
onnxruntime==1.19.2
